{
  "version": 4,
  "terraform_version": "0.12.24",
  "serial": 500,
  "lineage": "70a542b1-85d9-3a13-74e7-0d34bb61d3c0",
  "outputs": {},
  "resources": [
    {
      "module": "module.eks",
      "mode": "managed",
      "type": "aws_eks_cluster",
      "name": "example",
      "provider": "module.eks.provider.aws",
      "instances": [
        {
          "schema_version": 0,
          "attributes": {
            "arn": "arn:aws:eks:ap-south-1:527873020686:cluster/harshad",
            "certificate_authority": [
              {
                "data": "LS0tLS1CRUdJTiBDRVJUSUZJQ0FURS0tLS0tCk1JSUM1ekNDQWMrZ0F3SUJBZ0lCQURBTkJna3Foa2lHOXcwQkFRc0ZBREFWTVJNd0VRWURWUVFERXdwcmRXSmwKY201bGRHVnpNQjRYRFRJeE1EZ3hNekE1TWpRMU1Wb1hEVE14TURneE1UQTVNalExTVZvd0ZURVRNQkVHQTFVRQpBeE1LYTNWaVpYSnVaWFJsY3pDQ0FTSXdEUVlKS29aSWh2Y05BUUVCQlFBRGdnRVBBRENDQVFvQ2dnRUJBS2hGClk2WU5rSmx1MzFEN1p0cWthWVRZTDFQMGpiZ3pFMGViYTB2RHNnQndaaXpwSkx0aURqRHMwQllyMzJkeEVINFMKRzlzNzA3NFpYc0NEeU1KS3AvNnFOM1ZpSExRb0FwZzFYNWQ4ZGpzSFNoL3ZRS3Qxa1FLOUpLVGg5amtLdm5HSwptcHFtWHN4emx2RVVYSDdXVkNkVW05dURqTU0yZ1VTUFRETk0zNzRpY1JPcjdDZW5VMGxnZGlSUDUxY1BvYmM0CllPS0ZhK2VBMi9EdUV1cEhlMU9yOGx6anpNMDdLRUpBUW8rSmZRSVBrZjZMQ3p4dVpjMHRIZWlmZUN4bEo2emwKSnlBb1RicmZnM3dzUzVMMHZVSVdJUXlXdGEwMVorMXF2ZklrOGRoeCtOb2xoUGp0Umd4Yk1xbnhYdFlMTXJ4dgp6WWNHQVpWTDNnY1BzL2xnK3pFQ0F3RUFBYU5DTUVBd0RnWURWUjBQQVFIL0JBUURBZ0trTUE4R0ExVWRFd0VCCi93UUZNQU1CQWY4d0hRWURWUjBPQkJZRUZPdHgxenRSRVVDa2dyb1I2UmFqUzgrYWxLV3lNQTBHQ1NxR1NJYjMKRFFFQkN3VUFBNElCQVFCZDA5cVhHcmpDT2tFUDF0MU5uemluZEIzY3VEZ0VENlF6cDMwRVE1Y3lUamV1LzFZdQpiUHVyM0hiU0tJZ1pXNnVPL00yV1NLMDBLK0RhN0NhWWZvQTduQTRkcFZMOUtQYnlEbU9md1Ywa0lPbkR2QVhTCjhDb0pnaGpxamZyTlYzMFlaK1VyakhPeXFqNzNIWkNJRnZGN1E2SWEwQ3pXM1JNUmxmTlZsVjhwZ1U1Y1hRbmwKRkhUSnZaaE5RNDZtMitOTnBJMW5xTFBzTmJiWElSS1N2U3BsRG5lajF2Vm5aenV4UUs3d1JiTmxzOU9MSXZybwowS2J5UC9RMUxkL1lIcVNnQ1ZGTDNpeUc1c0ZsVFBtNHhET1h0WmNzOVJDc3RRcjNnVTVFY2gyaW1RL2xHbDBwCkpWaDV2NnpqQnkvZlNibUZFZXh3Zks5eXp2d0xIdm5Md3QvYgotLS0tLUVORCBDRVJUSUZJQ0FURS0tLS0tCg=="
              }
            ],
            "created_at": "2021-08-13 09:18:54.227 +0000 UTC",
            "enabled_cluster_log_types": [],
            "encryption_config": [],
            "endpoint": "https://FCB690675534D691F2FAA05AFF09B375.yl4.ap-south-1.eks.amazonaws.com",
            "id": "harshad",
            "identity": [
              {
                "oidc": [
                  {
                    "issuer": "https://oidc.eks.ap-south-1.amazonaws.com/id/FCB690675534D691F2FAA05AFF09B375"
                  }
                ]
              }
            ],
            "kubernetes_network_config": [
              {
                "service_ipv4_cidr": "10.100.0.0/16"
              }
            ],
            "name": "harshad",
            "platform_version": "eks.6",
            "role_arn": "arn:aws:iam::527873020686:role/eks-cluster-example",
            "status": "ACTIVE",
            "tags": {},
            "timeouts": null,
            "version": "1.19",
            "vpc_config": [
              {
                "cluster_security_group_id": "sg-0234ff0b8bbaee84b",
                "endpoint_private_access": false,
                "endpoint_public_access": true,
                "public_access_cidrs": [
                  "0.0.0.0/0"
                ],
                "security_group_ids": [
                  "sg-06a758a74363fa813"
                ],
                "subnet_ids": [
                  "subnet-0c865c97ecfa24169",
                  "subnet-0f0496296465dc4dc"
                ],
                "vpc_id": "vpc-0517c41e76e45e108"
              }
            ]
          },
          "private": "eyJlMmJmYjczMC1lY2FhLTExZTYtOGY4OC0zNDM2M2JjN2M0YzAiOnsiY3JlYXRlIjoxODAwMDAwMDAwMDAwLCJkZWxldGUiOjkwMDAwMDAwMDAwMCwidXBkYXRlIjozNjAwMDAwMDAwMDAwfX0=",
          "dependencies": [
            "module.eks.aws_iam_role.example",
            "module.eks.aws_iam_role_policy_attachment.example-AmazonEKSClusterPolicy",
            "module.eks.aws_iam_role_policy_attachment.example-AmazonEKSServicePolicy",
            "module.vpc.aws_security_group.ssh-allowed",
            "module.vpc.aws_subnet.public",
            "module.vpc.aws_subnet.public1",
            "module.vpc.aws_vpc.ram"
          ]
        }
      ]
    },
    {
      "module": "module.eks_workernode",
      "mode": "managed",
      "type": "aws_eks_node_group",
      "name": "example",
      "provider": "module.eks_workernode.provider.aws",
      "instances": [
        {
          "schema_version": 0,
          "attributes": {
            "ami_type": "AL2_x86_64",
            "arn": "arn:aws:eks:ap-south-1:527873020686:nodegroup/harshad/harshad/d8bd9f6e-10e2-6f1c-694e-6fd8b2179a09",
            "capacity_type": "SPOT",
            "cluster_name": "harshad",
            "disk_size": 20,
            "force_update_version": null,
            "id": "harshad:harshad",
            "instance_types": [
              "t2.medium"
            ],
            "labels": null,
            "launch_template": [],
            "node_group_name": "harshad",
            "node_role_arn": "arn:aws:iam::527873020686:role/eks-node-group-example",
            "release_version": "1.19.6-20210722",
            "remote_access": [
              {
                "ec2_ssh_key": "yyk",
                "source_security_group_ids": [
                  "sg-06a758a74363fa813"
                ]
              }
            ],
            "resources": [
              {
                "autoscaling_groups": [
                  {
                    "name": "eks-d8bd9f6e-10e2-6f1c-694e-6fd8b2179a09"
                  }
                ],
                "remote_access_security_group_id": "sg-04b95c136f7a59e79"
              }
            ],
            "scaling_config": [
              {
                "desired_size": 1,
                "max_size": 2,
                "min_size": 1
              }
            ],
            "status": "ACTIVE",
            "subnet_ids": [
              "subnet-0c865c97ecfa24169",
              "subnet-0f0496296465dc4dc"
            ],
            "tags": null,
            "timeouts": null,
            "version": "1.19"
          },
          "private": "eyJlMmJmYjczMC1lY2FhLTExZTYtOGY4OC0zNDM2M2JjN2M0YzAiOnsiY3JlYXRlIjozNjAwMDAwMDAwMDAwLCJkZWxldGUiOjM2MDAwMDAwMDAwMDAsInVwZGF0ZSI6MzYwMDAwMDAwMDAwMH19",
          "dependencies": [
            "module.eks.aws_eks_cluster.example",
            "module.eks_workernode.aws_iam_role.example",
            "module.eks_workernode.aws_iam_role_policy_attachment.example-AmazonEC2ContainerRegistryReadOnly",
            "module.eks_workernode.aws_iam_role_policy_attachment.example-AmazonEKSWorkerNodePolicy",
            "module.eks_workernode.aws_iam_role_policy_attachment.example-AmazonEKS_CNI_Policy",
            "module.eks_workernode.aws_iam_role_policy_attachment.example-Aws_albingress_Policy",
            "module.eks_workernode.aws_iam_role_policy_attachment.policyattaching_clusterautoscaling",
            "module.vpc.aws_security_group.ssh-allowed",
            "module.vpc.aws_subnet.public",
            "module.vpc.aws_subnet.public1"
          ]
        }
      ]
    },
    {
      "module": "module.eks_workernode",
      "mode": "managed",
      "type": "aws_iam_policy",
      "name": "clusterautoscale",
      "provider": "module.eks_workernode.provider.aws",
      "instances": [
        {
          "schema_version": 0,
          "attributes": {
            "arn": "arn:aws:iam::527873020686:policy/clusterautoscaler",
            "description": "",
            "id": "arn:aws:iam::527873020686:policy/clusterautoscaler",
            "name": "clusterautoscaler",
            "name_prefix": null,
            "path": "/",
            "policy": "{\"Statement\":[{\"Action\":[\"autoscaling:DescribeAutoScalingGroups\",\"autoscaling:DescribeAutoScalingInstances\",\"autoscaling:DescribeLaunchConfigurations\",\"autoscaling:DescribeTags\",\"autoscaling:SetDesiredCapacity\",\"autoscaling:TerminateInstanceInAutoScalingGroup\",\"ec2:DescribeLaunchTemplateVersions\"],\"Effect\":\"Allow\",\"Resource\":\"*\"}],\"Version\":\"2012-10-17\"}",
            "policy_id": "ANPAXVZ5PCMHI24KOOOVE",
            "tags": {}
          },
          "private": "bnVsbA=="
        }
      ]
    },
    {
      "module": "module.eks_workernode",
      "mode": "managed",
      "type": "aws_iam_policy",
      "name": "policy_one",
      "provider": "module.eks_workernode.provider.aws",
      "instances": [
        {
          "schema_version": 0,
          "attributes": {
            "arn": "arn:aws:iam::527873020686:policy/aws_albingress_controller",
            "description": "",
            "id": "arn:aws:iam::527873020686:policy/aws_albingress_controller",
            "name": "aws_albingress_controller",
            "name_prefix": null,
            "path": "/",
            "policy": "{\"Statement\":[{\"Action\":[\"iam:CreateServiceLinkedRole\",\"ec2:DescribeAccountAttributes\",\"ec2:DescribeAddresses\",\"ec2:DescribeAvailabilityZones\",\"ec2:DescribeInternetGateways\",\"ec2:DescribeVpcs\",\"ec2:DescribeSubnets\",\"ec2:DescribeSecurityGroups\",\"ec2:DescribeInstances\",\"ec2:DescribeNetworkInterfaces\",\"ec2:DescribeTags\",\"ec2:GetCoipPoolUsage\",\"ec2:DescribeCoipPools\",\"elasticloadbalancing:DescribeLoadBalancers\",\"elasticloadbalancing:DescribeLoadBalancerAttributes\",\"elasticloadbalancing:DescribeListeners\",\"elasticloadbalancing:DescribeListenerCertificates\",\"elasticloadbalancing:DescribeSSLPolicies\",\"elasticloadbalancing:DescribeRules\",\"elasticloadbalancing:DescribeTargetGroups\",\"elasticloadbalancing:DescribeTargetGroupAttributes\",\"elasticloadbalancing:DescribeTargetHealth\",\"elasticloadbalancing:DescribeTags\"],\"Effect\":\"Allow\",\"Resource\":\"*\"},{\"Action\":[\"cognito-idp:DescribeUserPoolClient\",\"acm:ListCertificates\",\"acm:DescribeCertificate\",\"iam:ListServerCertificates\",\"iam:GetServerCertificate\",\"waf-regional:GetWebACL\",\"waf-regional:GetWebACLForResource\",\"waf-regional:AssociateWebACL\",\"waf-regional:DisassociateWebACL\",\"wafv2:GetWebACL\",\"wafv2:GetWebACLForResource\",\"wafv2:AssociateWebACL\",\"wafv2:DisassociateWebACL\",\"shield:GetSubscriptionState\",\"shield:DescribeProtection\",\"shield:CreateProtection\",\"shield:DeleteProtection\"],\"Effect\":\"Allow\",\"Resource\":\"*\"},{\"Action\":[\"ec2:AuthorizeSecurityGroupIngress\",\"ec2:RevokeSecurityGroupIngress\"],\"Effect\":\"Allow\",\"Resource\":\"*\"},{\"Action\":[\"ec2:CreateSecurityGroup\"],\"Effect\":\"Allow\",\"Resource\":\"*\"},{\"Action\":[\"ec2:CreateTags\"],\"Condition\":{\"Null\":{\"aws:RequestTag/elbv2.k8s.aws/cluster\":\"false\"},\"StringEquals\":{\"ec2:CreateAction\":\"CreateSecurityGroup\"}},\"Effect\":\"Allow\",\"Resource\":\"arn:aws:ec2:*:*:security-group/*\"},{\"Action\":[\"ec2:CreateTags\",\"ec2:DeleteTags\"],\"Condition\":{\"Null\":{\"aws:RequestTag/elbv2.k8s.aws/cluster\":\"true\",\"aws:ResourceTag/elbv2.k8s.aws/cluster\":\"false\"}},\"Effect\":\"Allow\",\"Resource\":\"arn:aws:ec2:*:*:security-group/*\"},{\"Action\":[\"ec2:AuthorizeSecurityGroupIngress\",\"ec2:RevokeSecurityGroupIngress\",\"ec2:DeleteSecurityGroup\"],\"Condition\":{\"Null\":{\"aws:ResourceTag/elbv2.k8s.aws/cluster\":\"false\"}},\"Effect\":\"Allow\",\"Resource\":\"*\"},{\"Action\":[\"elasticloadbalancing:CreateLoadBalancer\",\"elasticloadbalancing:CreateTargetGroup\"],\"Condition\":{\"Null\":{\"aws:RequestTag/elbv2.k8s.aws/cluster\":\"false\"}},\"Effect\":\"Allow\",\"Resource\":\"*\"},{\"Action\":[\"elasticloadbalancing:CreateListener\",\"elasticloadbalancing:DeleteListener\",\"elasticloadbalancing:CreateRule\",\"elasticloadbalancing:DeleteRule\"],\"Effect\":\"Allow\",\"Resource\":\"*\"},{\"Action\":[\"elasticloadbalancing:AddTags\",\"elasticloadbalancing:RemoveTags\"],\"Condition\":{\"Null\":{\"aws:RequestTag/elbv2.k8s.aws/cluster\":\"true\",\"aws:ResourceTag/elbv2.k8s.aws/cluster\":\"false\"}},\"Effect\":\"Allow\",\"Resource\":[\"arn:aws:elasticloadbalancing:*:*:targetgroup/*/*\",\"arn:aws:elasticloadbalancing:*:*:loadbalancer/net/*/*\",\"arn:aws:elasticloadbalancing:*:*:loadbalancer/app/*/*\"]},{\"Action\":[\"elasticloadbalancing:AddTags\",\"elasticloadbalancing:RemoveTags\"],\"Effect\":\"Allow\",\"Resource\":[\"arn:aws:elasticloadbalancing:*:*:listener/net/*/*/*\",\"arn:aws:elasticloadbalancing:*:*:listener/app/*/*/*\",\"arn:aws:elasticloadbalancing:*:*:listener-rule/net/*/*/*\",\"arn:aws:elasticloadbalancing:*:*:listener-rule/app/*/*/*\"]},{\"Action\":[\"elasticloadbalancing:ModifyLoadBalancerAttributes\",\"elasticloadbalancing:SetIpAddressType\",\"elasticloadbalancing:SetSecurityGroups\",\"elasticloadbalancing:SetSubnets\",\"elasticloadbalancing:DeleteLoadBalancer\",\"elasticloadbalancing:ModifyTargetGroup\",\"elasticloadbalancing:ModifyTargetGroupAttributes\",\"elasticloadbalancing:DeleteTargetGroup\"],\"Condition\":{\"Null\":{\"aws:ResourceTag/elbv2.k8s.aws/cluster\":\"false\"}},\"Effect\":\"Allow\",\"Resource\":\"*\"},{\"Action\":[\"elasticloadbalancing:RegisterTargets\",\"elasticloadbalancing:DeregisterTargets\"],\"Effect\":\"Allow\",\"Resource\":\"arn:aws:elasticloadbalancing:*:*:targetgroup/*/*\"},{\"Action\":[\"elasticloadbalancing:SetWebAcl\",\"elasticloadbalancing:ModifyListener\",\"elasticloadbalancing:AddListenerCertificates\",\"elasticloadbalancing:RemoveListenerCertificates\",\"elasticloadbalancing:ModifyRule\"],\"Effect\":\"Allow\",\"Resource\":\"*\"}],\"Version\":\"2012-10-17\"}",
            "policy_id": "ANPAXVZ5PCMHMMTVN4GZP",
            "tags": {}
          },
          "private": "bnVsbA=="
        }
      ]
    },
    {
      "module": "module.eks",
      "mode": "managed",
      "type": "aws_iam_role",
      "name": "example",
      "provider": "module.eks.provider.aws",
      "instances": [
        {
          "schema_version": 0,
          "attributes": {
            "arn": "arn:aws:iam::527873020686:role/eks-cluster-example",
            "assume_role_policy": "{\"Version\":\"2012-10-17\",\"Statement\":[{\"Effect\":\"Allow\",\"Principal\":{\"Service\":\"eks.amazonaws.com\"},\"Action\":\"sts:AssumeRole\"}]}",
            "create_date": "2021-08-13T09:18:27Z",
            "description": "",
            "force_detach_policies": false,
            "id": "eks-cluster-example",
            "inline_policy": [
              {
                "name": "",
                "policy": ""
              }
            ],
            "managed_policy_arns": [
              "arn:aws:iam::aws:policy/AmazonEKSClusterPolicy",
              "arn:aws:iam::aws:policy/AmazonEKSServicePolicy"
            ],
            "max_session_duration": 3600,
            "name": "eks-cluster-example",
            "name_prefix": null,
            "path": "/",
            "permissions_boundary": null,
            "tags": {},
            "unique_id": "AROAXVZ5PCMHMGJIX3V77"
          },
          "private": "bnVsbA=="
        }
      ]
    },
    {
      "module": "module.eks_workernode",
      "mode": "managed",
      "type": "aws_iam_role",
      "name": "example",
      "provider": "module.eks_workernode.provider.aws",
      "instances": [
        {
          "schema_version": 0,
          "attributes": {
            "arn": "arn:aws:iam::527873020686:role/eks-node-group-example",
            "assume_role_policy": "{\"Version\":\"2012-10-17\",\"Statement\":[{\"Effect\":\"Allow\",\"Principal\":{\"Service\":\"ec2.amazonaws.com\"},\"Action\":\"sts:AssumeRole\"}]}",
            "create_date": "2021-08-13T09:18:27Z",
            "description": "",
            "force_detach_policies": false,
            "id": "eks-node-group-example",
            "inline_policy": [
              {
                "name": "",
                "policy": ""
              }
            ],
            "managed_policy_arns": [
              "arn:aws:iam::527873020686:policy/aws_albingress_controller",
              "arn:aws:iam::527873020686:policy/clusterautoscaler",
              "arn:aws:iam::aws:policy/AmazonEC2ContainerRegistryReadOnly",
              "arn:aws:iam::aws:policy/AmazonEKSWorkerNodePolicy",
              "arn:aws:iam::aws:policy/AmazonEKS_CNI_Policy"
            ],
            "max_session_duration": 3600,
            "name": "eks-node-group-example",
            "name_prefix": null,
            "path": "/",
            "permissions_boundary": null,
            "tags": {},
            "unique_id": "AROAXVZ5PCMHL3PJKWLZZ"
          },
          "private": "bnVsbA=="
        }
      ]
    },
    {
      "module": "module.eks_workernode",
      "mode": "managed",
      "type": "aws_iam_role_policy_attachment",
      "name": "example-AmazonEC2ContainerRegistryReadOnly",
      "provider": "module.eks_workernode.provider.aws",
      "instances": [
        {
          "schema_version": 0,
          "attributes": {
            "id": "eks-node-group-example-20210813091831460300000002",
            "policy_arn": "arn:aws:iam::aws:policy/AmazonEC2ContainerRegistryReadOnly",
            "role": "eks-node-group-example"
          },
          "private": "bnVsbA==",
          "dependencies": [
            "module.eks_workernode.aws_iam_role.example"
          ]
        }
      ]
    },
    {
      "module": "module.eks",
      "mode": "managed",
      "type": "aws_iam_role_policy_attachment",
      "name": "example-AmazonEKSClusterPolicy",
      "provider": "module.eks.provider.aws",
      "instances": [
        {
          "schema_version": 0,
          "attributes": {
            "id": "eks-cluster-example-20210813091832384900000001",
            "policy_arn": "arn:aws:iam::aws:policy/AmazonEKSClusterPolicy",
            "role": "eks-cluster-example"
          },
          "private": "bnVsbA==",
          "dependencies": [
            "module.eks.aws_iam_role.example"
          ]
        }
      ]
    },
    {
      "module": "module.eks",
      "mode": "managed",
      "type": "aws_iam_role_policy_attachment",
      "name": "example-AmazonEKSServicePolicy",
      "provider": "module.eks.provider.aws",
      "instances": [
        {
          "schema_version": 0,
          "attributes": {
            "id": "eks-cluster-example-20210813091832505100000002",
            "policy_arn": "arn:aws:iam::aws:policy/AmazonEKSServicePolicy",
            "role": "eks-cluster-example"
          },
          "private": "bnVsbA==",
          "dependencies": [
            "module.eks.aws_iam_role.example"
          ]
        }
      ]
    },
    {
      "module": "module.eks_workernode",
      "mode": "managed",
      "type": "aws_iam_role_policy_attachment",
      "name": "example-AmazonEKSWorkerNodePolicy",
      "provider": "module.eks_workernode.provider.aws",
      "instances": [
        {
          "schema_version": 0,
          "attributes": {
            "id": "eks-node-group-example-20210813091831546500000004",
            "policy_arn": "arn:aws:iam::aws:policy/AmazonEKSWorkerNodePolicy",
            "role": "eks-node-group-example"
          },
          "private": "bnVsbA==",
          "dependencies": [
            "module.eks_workernode.aws_iam_role.example"
          ]
        }
      ]
    },
    {
      "module": "module.eks_workernode",
      "mode": "managed",
      "type": "aws_iam_role_policy_attachment",
      "name": "example-AmazonEKS_CNI_Policy",
      "provider": "module.eks_workernode.provider.aws",
      "instances": [
        {
          "schema_version": 0,
          "attributes": {
            "id": "eks-node-group-example-20210813091831560900000005",
            "policy_arn": "arn:aws:iam::aws:policy/AmazonEKS_CNI_Policy",
            "role": "eks-node-group-example"
          },
          "private": "bnVsbA==",
          "dependencies": [
            "module.eks_workernode.aws_iam_role.example"
          ]
        }
      ]
    },
    {
      "module": "module.eks_workernode",
      "mode": "managed",
      "type": "aws_iam_role_policy_attachment",
      "name": "example-Aws_albingress_Policy",
      "provider": "module.eks_workernode.provider.aws",
      "instances": [
        {
          "schema_version": 0,
          "attributes": {
            "id": "eks-node-group-example-20210813091831505600000003",
            "policy_arn": "arn:aws:iam::527873020686:policy/aws_albingress_controller",
            "role": "eks-node-group-example"
          },
          "private": "bnVsbA==",
          "dependencies": [
            "module.eks_workernode.aws_iam_policy.policy_one",
            "module.eks_workernode.aws_iam_role.example"
          ]
        }
      ]
    },
    {
      "module": "module.eks_workernode",
      "mode": "managed",
      "type": "aws_iam_role_policy_attachment",
      "name": "policyattaching_clusterautoscaling",
      "provider": "module.eks_workernode.provider.aws",
      "instances": [
        {
          "schema_version": 0,
          "attributes": {
            "id": "eks-node-group-example-20210813091831430200000001",
            "policy_arn": "arn:aws:iam::527873020686:policy/clusterautoscaler",
            "role": "eks-node-group-example"
          },
          "private": "bnVsbA==",
          "dependencies": [
            "module.eks_workernode.aws_iam_policy.clusterautoscale",
            "module.eks_workernode.aws_iam_role.example"
          ]
        }
      ]
    },
    {
      "module": "module.vpc",
      "mode": "managed",
      "type": "aws_internet_gateway",
      "name": "gateway",
      "provider": "provider.aws",
      "instances": [
        {
          "schema_version": 0,
          "attributes": {
            "arn": "arn:aws:ec2:ap-south-1:527873020686:internet-gateway/igw-0efce6b2f8d8c27a5",
            "id": "igw-0efce6b2f8d8c27a5",
            "owner_id": "527873020686",
            "tags": {},
            "vpc_id": "vpc-0517c41e76e45e108"
          },
          "private": "bnVsbA==",
          "dependencies": [
            "module.vpc.aws_vpc.ram"
          ]
        }
      ]
    },
    {
      "module": "module.vpc",
      "mode": "managed",
      "type": "aws_route",
      "name": "public",
      "provider": "provider.aws",
      "instances": [
        {
          "schema_version": 0,
          "attributes": {
            "carrier_gateway_id": "",
            "destination_cidr_block": "0.0.0.0/0",
            "destination_ipv6_cidr_block": "",
            "destination_prefix_list_id": "",
            "egress_only_gateway_id": "",
            "gateway_id": "igw-0efce6b2f8d8c27a5",
            "id": "r-rtb-09d7482094bde3d901080289494",
            "instance_id": "",
            "instance_owner_id": "",
            "local_gateway_id": "",
            "nat_gateway_id": "",
            "network_interface_id": "",
            "origin": "CreateRoute",
            "route_table_id": "rtb-09d7482094bde3d90",
            "state": "active",
            "timeouts": null,
            "transit_gateway_id": "",
            "vpc_endpoint_id": "",
            "vpc_peering_connection_id": ""
          },
          "private": "eyJlMmJmYjczMC1lY2FhLTExZTYtOGY4OC0zNDM2M2JjN2M0YzAiOnsiY3JlYXRlIjoxMjAwMDAwMDAwMDAsImRlbGV0ZSI6MzAwMDAwMDAwMDAwfX0=",
          "dependencies": [
            "module.vpc.aws_internet_gateway.gateway",
            "module.vpc.aws_route_table.public",
            "module.vpc.aws_vpc.ram"
          ]
        }
      ]
    },
    {
      "module": "module.vpc",
      "mode": "managed",
      "type": "aws_route_table",
      "name": "public",
      "provider": "provider.aws",
      "instances": [
        {
          "schema_version": 0,
          "attributes": {
            "arn": "arn:aws:ec2:ap-south-1:527873020686:route-table/rtb-09d7482094bde3d90",
            "id": "rtb-09d7482094bde3d90",
            "owner_id": "527873020686",
            "propagating_vgws": [],
            "route": [
              {
                "carrier_gateway_id": "",
                "cidr_block": "0.0.0.0/0",
                "destination_prefix_list_id": "",
                "egress_only_gateway_id": "",
                "gateway_id": "igw-0efce6b2f8d8c27a5",
                "instance_id": "",
                "ipv6_cidr_block": "",
                "local_gateway_id": "",
                "nat_gateway_id": "",
                "network_interface_id": "",
                "transit_gateway_id": "",
                "vpc_endpoint_id": "",
                "vpc_peering_connection_id": ""
              }
            ],
            "tags": {},
            "vpc_id": "vpc-0517c41e76e45e108"
          },
          "private": "bnVsbA==",
          "dependencies": [
            "module.vpc.aws_vpc.ram"
          ]
        }
      ]
    },
    {
      "module": "module.vpc",
      "mode": "managed",
      "type": "aws_route_table_association",
      "name": "public",
      "provider": "provider.aws",
      "instances": [
        {
          "schema_version": 0,
          "attributes": {
            "gateway_id": null,
            "id": "rtbassoc-04603512aafe0763e",
            "route_table_id": "rtb-09d7482094bde3d90",
            "subnet_id": "subnet-0f0496296465dc4dc"
          },
          "private": "bnVsbA==",
          "dependencies": [
            "module.vpc.aws_route_table.public",
            "module.vpc.aws_subnet.public",
            "module.vpc.aws_vpc.ram"
          ]
        }
      ]
    },
    {
      "module": "module.vpc",
      "mode": "managed",
      "type": "aws_route_table_association",
      "name": "public1",
      "provider": "provider.aws",
      "instances": [
        {
          "schema_version": 0,
          "attributes": {
            "gateway_id": null,
            "id": "rtbassoc-06632149c9c8995e9",
            "route_table_id": "rtb-09d7482094bde3d90",
            "subnet_id": "subnet-0c865c97ecfa24169"
          },
          "private": "bnVsbA==",
          "dependencies": [
            "module.vpc.aws_route_table.public",
            "module.vpc.aws_subnet.public1",
            "module.vpc.aws_vpc.ram"
          ]
        }
      ]
    },
    {
      "module": "module.vpc",
      "mode": "managed",
      "type": "aws_security_group",
      "name": "ssh-allowed",
      "provider": "provider.aws",
      "instances": [
        {
          "schema_version": 1,
          "attributes": {
            "arn": "arn:aws:ec2:ap-south-1:527873020686:security-group/sg-06a758a74363fa813",
            "description": "Managed by Terraform",
            "egress": [
              {
                "cidr_blocks": [
                  "0.0.0.0/0"
                ],
                "description": "",
                "from_port": 0,
                "ipv6_cidr_blocks": [],
                "prefix_list_ids": [],
                "protocol": "-1",
                "security_groups": [],
                "self": false,
                "to_port": 0
              }
            ],
            "id": "sg-06a758a74363fa813",
            "ingress": [
              {
                "cidr_blocks": [
                  "0.0.0.0/0"
                ],
                "description": "",
                "from_port": 22,
                "ipv6_cidr_blocks": [],
                "prefix_list_ids": [],
                "protocol": "tcp",
                "security_groups": [],
                "self": false,
                "to_port": 22
              },
              {
                "cidr_blocks": [
                  "0.0.0.0/0"
                ],
                "description": "",
                "from_port": 80,
                "ipv6_cidr_blocks": [],
                "prefix_list_ids": [],
                "protocol": "tcp",
                "security_groups": [],
                "self": false,
                "to_port": 80
              }
            ],
            "name": "terraform-20210813091839061100000001",
            "name_prefix": "terraform-",
            "owner_id": "527873020686",
            "revoke_rules_on_delete": false,
            "tags": {},
            "timeouts": null,
            "vpc_id": "vpc-0517c41e76e45e108"
          },
          "private": "eyJlMmJmYjczMC1lY2FhLTExZTYtOGY4OC0zNDM2M2JjN2M0YzAiOnsiY3JlYXRlIjo2MDAwMDAwMDAwMDAsImRlbGV0ZSI6OTAwMDAwMDAwMDAwfSwic2NoZW1hX3ZlcnNpb24iOiIxIn0=",
          "dependencies": [
            "module.vpc.aws_vpc.ram"
          ]
        }
      ]
    },
    {
      "module": "module.vpc",
      "mode": "managed",
      "type": "aws_subnet",
      "name": "public",
      "provider": "provider.aws",
      "instances": [
        {
          "schema_version": 1,
          "attributes": {
            "arn": "arn:aws:ec2:ap-south-1:527873020686:subnet/subnet-0f0496296465dc4dc",
            "assign_ipv6_address_on_creation": false,
            "availability_zone": "ap-south-1a",
            "availability_zone_id": "aps1-az1",
            "cidr_block": "11.0.0.0/24",
            "customer_owned_ipv4_pool": "",
            "id": "subnet-0f0496296465dc4dc",
            "ipv6_cidr_block": "",
            "ipv6_cidr_block_association_id": "",
            "map_customer_owned_ip_on_launch": false,
            "map_public_ip_on_launch": true,
            "outpost_arn": "",
            "owner_id": "527873020686",
            "tags": {
              "kubernetes.io/cluster/harshad": "shared",
              "kubernetes.io/role/elb": "1",
              "kubernetes.io/role/internal-elb": "1"
            },
            "tags_all": {
              "kubernetes.io/cluster/harshad": "shared",
              "kubernetes.io/role/elb": "1",
              "kubernetes.io/role/internal-elb": "1"
            },
            "timeouts": null,
            "vpc_id": "vpc-0517c41e76e45e108"
          },
          "private": "eyJlMmJmYjczMC1lY2FhLTExZTYtOGY4OC0zNDM2M2JjN2M0YzAiOnsiY3JlYXRlIjo2MDAwMDAwMDAwMDAsImRlbGV0ZSI6MTIwMDAwMDAwMDAwMH0sInNjaGVtYV92ZXJzaW9uIjoiMSJ9",
          "dependencies": [
            "module.vpc.aws_vpc.ram"
          ]
        }
      ]
    },
    {
      "module": "module.vpc",
      "mode": "managed",
      "type": "aws_subnet",
      "name": "public1",
      "provider": "provider.aws",
      "instances": [
        {
          "schema_version": 1,
          "attributes": {
            "arn": "arn:aws:ec2:ap-south-1:527873020686:subnet/subnet-0c865c97ecfa24169",
            "assign_ipv6_address_on_creation": false,
            "availability_zone": "ap-south-1b",
            "availability_zone_id": "aps1-az3",
            "cidr_block": "11.0.2.0/24",
            "customer_owned_ipv4_pool": "",
            "id": "subnet-0c865c97ecfa24169",
            "ipv6_cidr_block": "",
            "ipv6_cidr_block_association_id": "",
            "map_customer_owned_ip_on_launch": false,
            "map_public_ip_on_launch": true,
            "outpost_arn": "",
            "owner_id": "527873020686",
            "tags": {
              "kubernetes.io/cluster/harshad": "shared",
              "kubernetes.io/role/elb": "1",
              "kubernetes.io/role/internal-elb": "1"
            },
            "tags_all": {
              "kubernetes.io/cluster/harshad": "shared",
              "kubernetes.io/role/elb": "1",
              "kubernetes.io/role/internal-elb": "1"
            },
            "timeouts": null,
            "vpc_id": "vpc-0517c41e76e45e108"
          },
          "private": "eyJlMmJmYjczMC1lY2FhLTExZTYtOGY4OC0zNDM2M2JjN2M0YzAiOnsiY3JlYXRlIjo2MDAwMDAwMDAwMDAsImRlbGV0ZSI6MTIwMDAwMDAwMDAwMH0sInNjaGVtYV92ZXJzaW9uIjoiMSJ9",
          "dependencies": [
            "module.vpc.aws_vpc.ram"
          ]
        }
      ]
    },
    {
      "module": "module.vpc",
      "mode": "managed",
      "type": "aws_vpc",
      "name": "ram",
      "provider": "provider.aws",
      "instances": [
        {
          "schema_version": 1,
          "attributes": {
            "arn": "arn:aws:ec2:ap-south-1:527873020686:vpc/vpc-0517c41e76e45e108",
            "assign_generated_ipv6_cidr_block": false,
            "cidr_block": "11.0.0.0/16",
            "default_network_acl_id": "acl-098569188704b6728",
            "default_route_table_id": "rtb-0d3a720e774d4768b",
            "default_security_group_id": "sg-094d01ffb44907215",
            "dhcp_options_id": "dopt-941faaff",
            "enable_classiclink": null,
            "enable_classiclink_dns_support": null,
            "enable_dns_hostnames": true,
            "enable_dns_support": true,
            "id": "vpc-0517c41e76e45e108",
            "instance_tenancy": "default",
            "ipv6_association_id": "",
            "ipv6_cidr_block": "",
            "main_route_table_id": "rtb-0d3a720e774d4768b",
            "owner_id": "527873020686",
            "tags": {},
            "tags_all": {}
          },
          "private": "eyJzY2hlbWFfdmVyc2lvbiI6IjEifQ=="
        }
      ]
    }
  ]
}
