{
  "version": 4,
  "terraform_version": "0.12.24",
  "serial": 15,
  "lineage": "bd4250e1-5c8d-2a1a-7765-75ba00c9e226",
  "outputs": {
    "cluster_name": {
      "value": "harshad",
      "type": "string"
    },
    "endpoint": {
      "value": "https://45CA319D4F7770B7CA42A9E043D6FF08.gr7.ap-south-1.eks.amazonaws.com",
      "type": "string"
    },
    "kubeconfig-certificate-authority-data": {
      "value": "LS0tLS1CRUdJTiBDRVJUSUZJQ0FURS0tLS0tCk1JSUM1ekNDQWMrZ0F3SUJBZ0lCQURBTkJna3Foa2lHOXcwQkFRc0ZBREFWTVJNd0VRWURWUVFERXdwcmRXSmwKY201bGRHVnpNQjRYRFRJeE1EY3hNekE1TlRNMU5Wb1hEVE14TURjeE1UQTVOVE0xTlZvd0ZURVRNQkVHQTFVRQpBeE1LYTNWaVpYSnVaWFJsY3pDQ0FTSXdEUVlKS29aSWh2Y05BUUVCQlFBRGdnRVBBRENDQVFvQ2dnRUJBSjBpCkFmbVlaR3hqdUhvd3l4cDNtQ25IRkdrYkZIcHBaOU84TC92NHBOTUdFaFpvVUhHbHRsRjBzZFFQRFNHbXdDT2sKVFZHL2pUbzhzOVFVYndLT2hQSFMwdFdjblRTYUJhdndFSFNOWTZoeDV5dnV5Q3RaMy92amJhbi95WW9oVU9ucApLdThVRVVKQVBxSk9YV1hTd0NRWTIwSkVMRzhxODZWZlZMVk9YOWpnWGNpbm0wSEJ6WGpqQm1DRmx4aHQreVJnCkVGQjlBUmJBaTk5SmlIZHFTYVZaTG96NngydWwza0RnYk5ndDN4S0xjMVBLUGtxc0ZWdUxnNUcyR2JEdXNnRVkKMERHdE5IWkd6VzlsYk9GRWdDNUJnRGtzZzd4QzZpdXVtRFgrWjVqMUtVdGZ2dWhNaDJ4WGtHMTlycm91REhjLwpWeDJicmFGaHpGbHFjYnNzRXI4Q0F3RUFBYU5DTUVBd0RnWURWUjBQQVFIL0JBUURBZ0trTUE4R0ExVWRFd0VCCi93UUZNQU1CQWY4d0hRWURWUjBPQkJZRUZOSVlXUDZpT2grYWt4NmZ4WXFyT2l4SDA4OEFNQTBHQ1NxR1NJYjMKRFFFQkN3VUFBNElCQVFBY1ZFYWQwYjY2V09lbXAxVFAyUkQ1UlhZejFGMmMzQUplWlkxMlRtSEV3R0JuNDhQNgpWYVRLV0VoVm5hcW5la3h3TmxJc1RmZUtXVHpBdVJBTzlzWG5zczFKVmRjYnhDNnF6YUFZWEc1WWlDQXdSTy9vCll1NjVjL2tid1p6ZHhoTGNwMmZOdmIvdnVCWmljNkVvM3VzYUl6bTl5RWxPZTYzYlprS3dpbnVUelVrZXZPTXkKQkUwS3FTYWpBMDZkZVZrVFYrSUxydDBVZFFUT3R4bEt4UitySmNxMmNYZHhPdjA3N3NDQTRhb2VjN3VEZng5bgpQOXNISElBRmVOZWFDMHpGbXVnZ1pGZkdsYmVxT0t4YXo1cVBBdTNSNkUwZlZPRkRWTFQ3VWc5cTBRNVFmV3E5CjBXUm1CenptYytNQ0s5aEc0TTJ0MkdrV21HTFFscFovRTdaaAotLS0tLUVORCBDRVJUSUZJQ0FURS0tLS0tCg==",
      "type": "string"
    }
  },
  "resources": [
    {
      "mode": "managed",
      "type": "aws_eks_cluster",
      "name": "example",
      "provider": "provider.aws",
      "instances": [
        {
          "schema_version": 0,
          "attributes": {
            "arn": "arn:aws:eks:ap-south-1:140839674073:cluster/harshad",
            "certificate_authority": [
              {
                "data": "LS0tLS1CRUdJTiBDRVJUSUZJQ0FURS0tLS0tCk1JSUM1ekNDQWMrZ0F3SUJBZ0lCQURBTkJna3Foa2lHOXcwQkFRc0ZBREFWTVJNd0VRWURWUVFERXdwcmRXSmwKY201bGRHVnpNQjRYRFRJeE1EY3hNekE1TlRNMU5Wb1hEVE14TURjeE1UQTVOVE0xTlZvd0ZURVRNQkVHQTFVRQpBeE1LYTNWaVpYSnVaWFJsY3pDQ0FTSXdEUVlKS29aSWh2Y05BUUVCQlFBRGdnRVBBRENDQVFvQ2dnRUJBSjBpCkFmbVlaR3hqdUhvd3l4cDNtQ25IRkdrYkZIcHBaOU84TC92NHBOTUdFaFpvVUhHbHRsRjBzZFFQRFNHbXdDT2sKVFZHL2pUbzhzOVFVYndLT2hQSFMwdFdjblRTYUJhdndFSFNOWTZoeDV5dnV5Q3RaMy92amJhbi95WW9oVU9ucApLdThVRVVKQVBxSk9YV1hTd0NRWTIwSkVMRzhxODZWZlZMVk9YOWpnWGNpbm0wSEJ6WGpqQm1DRmx4aHQreVJnCkVGQjlBUmJBaTk5SmlIZHFTYVZaTG96NngydWwza0RnYk5ndDN4S0xjMVBLUGtxc0ZWdUxnNUcyR2JEdXNnRVkKMERHdE5IWkd6VzlsYk9GRWdDNUJnRGtzZzd4QzZpdXVtRFgrWjVqMUtVdGZ2dWhNaDJ4WGtHMTlycm91REhjLwpWeDJicmFGaHpGbHFjYnNzRXI4Q0F3RUFBYU5DTUVBd0RnWURWUjBQQVFIL0JBUURBZ0trTUE4R0ExVWRFd0VCCi93UUZNQU1CQWY4d0hRWURWUjBPQkJZRUZOSVlXUDZpT2grYWt4NmZ4WXFyT2l4SDA4OEFNQTBHQ1NxR1NJYjMKRFFFQkN3VUFBNElCQVFBY1ZFYWQwYjY2V09lbXAxVFAyUkQ1UlhZejFGMmMzQUplWlkxMlRtSEV3R0JuNDhQNgpWYVRLV0VoVm5hcW5la3h3TmxJc1RmZUtXVHpBdVJBTzlzWG5zczFKVmRjYnhDNnF6YUFZWEc1WWlDQXdSTy9vCll1NjVjL2tid1p6ZHhoTGNwMmZOdmIvdnVCWmljNkVvM3VzYUl6bTl5RWxPZTYzYlprS3dpbnVUelVrZXZPTXkKQkUwS3FTYWpBMDZkZVZrVFYrSUxydDBVZFFUT3R4bEt4UitySmNxMmNYZHhPdjA3N3NDQTRhb2VjN3VEZng5bgpQOXNISElBRmVOZWFDMHpGbXVnZ1pGZkdsYmVxT0t4YXo1cVBBdTNSNkUwZlZPRkRWTFQ3VWc5cTBRNVFmV3E5CjBXUm1CenptYytNQ0s5aEc0TTJ0MkdrV21HTFFscFovRTdaaAotLS0tLUVORCBDRVJUSUZJQ0FURS0tLS0tCg=="
              }
            ],
            "created_at": "2021-07-13 09:48:26.773 +0000 UTC",
            "enabled_cluster_log_types": null,
            "encryption_config": [],
            "endpoint": "https://45CA319D4F7770B7CA42A9E043D6FF08.gr7.ap-south-1.eks.amazonaws.com",
            "id": "harshad",
            "identity": [
              {
                "oidc": [
                  {
                    "issuer": "https://oidc.eks.ap-south-1.amazonaws.com/id/45CA319D4F7770B7CA42A9E043D6FF08"
                  }
                ]
              }
            ],
            "kubernetes_network_config": [
              {
                "service_ipv4_cidr": "10.100.0.0/16"
              }
            ],
            "name": "harshad",
            "platform_version": "eks.5",
            "role_arn": "arn:aws:iam::140839674073:role/eks-cluster-example",
            "status": "ACTIVE",
            "tags": null,
            "timeouts": null,
            "version": "1.19",
            "vpc_config": [
              {
                "cluster_security_group_id": "sg-0a2dabeb547527758",
                "endpoint_private_access": false,
                "endpoint_public_access": true,
                "public_access_cidrs": [
                  "0.0.0.0/0"
                ],
                "security_group_ids": [
                  "sg-08c51f47131704c99"
                ],
                "subnet_ids": [
                  "subnet-168aff5a",
                  "subnet-b76364df"
                ],
                "vpc_id": "vpc-a50b15cd"
              }
            ]
          },
          "private": "eyJlMmJmYjczMC1lY2FhLTExZTYtOGY4OC0zNDM2M2JjN2M0YzAiOnsiY3JlYXRlIjoxODAwMDAwMDAwMDAwLCJkZWxldGUiOjkwMDAwMDAwMDAwMCwidXBkYXRlIjozNjAwMDAwMDAwMDAwfX0=",
          "dependencies": [
            "aws_iam_role.example",
            "aws_iam_role_policy_attachment.example-AmazonEKSClusterPolicy",
            "aws_iam_role_policy_attachment.example-AmazonEKSServicePolicy"
          ]
        }
      ]
    },
    {
      "mode": "managed",
      "type": "aws_iam_role",
      "name": "example",
      "provider": "provider.aws",
      "instances": [
        {
          "schema_version": 0,
          "attributes": {
            "arn": "arn:aws:iam::140839674073:role/eks-cluster-example",
            "assume_role_policy": "{\"Version\":\"2012-10-17\",\"Statement\":[{\"Effect\":\"Allow\",\"Principal\":{\"Service\":\"eks.amazonaws.com\"},\"Action\":\"sts:AssumeRole\"}]}",
            "create_date": "2021-07-13T09:48:04Z",
            "description": "",
            "force_detach_policies": false,
            "id": "eks-cluster-example",
            "inline_policy": [
              {
                "name": "",
                "policy": ""
              }
            ],
            "managed_policy_arns": [],
            "max_session_duration": 3600,
            "name": "eks-cluster-example",
            "name_prefix": null,
            "path": "/",
            "permissions_boundary": null,
            "tags": null,
            "unique_id": "AROASBSVS4DMVDCCFZKAD"
          },
          "private": "bnVsbA=="
        }
      ]
    },
    {
      "mode": "managed",
      "type": "aws_iam_role_policy_attachment",
      "name": "example-AmazonEKSClusterPolicy",
      "provider": "provider.aws",
      "instances": [
        {
          "schema_version": 0,
          "attributes": {
            "id": "eks-cluster-example-20210713094816452400000002",
            "policy_arn": "arn:aws:iam::aws:policy/AmazonEKSClusterPolicy",
            "role": "eks-cluster-example"
          },
          "private": "bnVsbA==",
          "dependencies": [
            "aws_iam_role.example"
          ]
        }
      ]
    },
    {
      "mode": "managed",
      "type": "aws_iam_role_policy_attachment",
      "name": "example-AmazonEKSServicePolicy",
      "provider": "provider.aws",
      "instances": [
        {
          "schema_version": 0,
          "attributes": {
            "id": "eks-cluster-example-20210713094815492200000001",
            "policy_arn": "arn:aws:iam::aws:policy/AmazonEKSServicePolicy",
            "role": "eks-cluster-example"
          },
          "private": "bnVsbA==",
          "dependencies": [
            "aws_iam_role.example"
          ]
        }
      ]
    }
  ]
}
